
Microsoft Visual Studio Solution File, Format Version 12.00
# Visual Studio Version 17
VisualStudioVersion = 17.6.33723.286
MinimumVisualStudioVersion = 10.0.40219.1
Project("{FAE04EC0-301F-11D3-BF4B-00C04F79EFBC}") = "PhoneBookMicroservices", "PhoneBookMicroservices\PhoneBookMicroservices.csproj", "{9C2481F2-F855-4DCD-8590-4E1735F1910E}"
EndProject
Global
	GlobalSection(SolutionConfigurationPlatforms) = preSolution
		Debug|Any CPU = Debug|Any CPU
		Release|Any CPU = Release|Any CPU
	EndGlobalSection
	GlobalSection(ProjectConfigurationPlatforms) = postSolution
		{9C2481F2-F855-4DCD-8590-4E1735F1910E}.Debug|Any CPU.ActiveCfg = Debug|Any CPU
		{9C2481F2-F855-4DCD-8590-4E1735F1910E}.Debug|Any CPU.Build.0 = Debug|Any CPU
		{9C2481F2-F855-4DCD-8590-4E1735F1910E}.Release|Any CPU.ActiveCfg = Release|Any CPU
		{9C2481F2-F855-4DCD-8590-4E1735F1910E}.Release|Any CPU.Build.0 = Release|Any CPU
	EndGlobalSection
	GlobalSection(SolutionProperties) = preSolution
		HideSolutionNode = FALSE
	EndGlobalSection
	GlobalSection(ExtensibilityGlobals) = postSolution
		SolutionGuid = {6E08F893-F875-4BFA-8770-E35CB5D87D53}
	EndGlobalSection
EndGlobal
